
Microsoft Visual Studio Solution File, Format Version 12.00
# Visual Studio Version 17
VisualStudioVersion = 17.8.34309.116
MinimumVisualStudioVersion = 10.0.40219.1
Project("{FAE04EC0-301F-11D3-BF4B-00C04F79EFBC}") = "TransportWebApi", "TransportWebApi\TransportWebApi.csproj", "{0FF44A88-4F47-4BB9-8364-C58882724560}"
EndProject
Global
	GlobalSection(SolutionConfigurationPlatforms) = preSolution
		Debug|Any CPU = Debug|Any CPU
		Release|Any CPU = Release|Any CPU
	EndGlobalSection
	GlobalSection(ProjectConfigurationPlatforms) = postSolution
		{0FF44A88-4F47-4BB9-8364-C58882724560}.Debug|Any CPU.ActiveCfg = Debug|Any CPU
		{0FF44A88-4F47-4BB9-8364-C58882724560}.Debug|Any CPU.Build.0 = Debug|Any CPU
		{0FF44A88-4F47-4BB9-8364-C58882724560}.Release|Any CPU.ActiveCfg = Release|Any CPU
		{0FF44A88-4F47-4BB9-8364-C58882724560}.Release|Any CPU.Build.0 = Release|Any CPU
	EndGlobalSection
	GlobalSection(SolutionProperties) = preSolution
		HideSolutionNode = FALSE
	EndGlobalSection
	GlobalSection(ExtensibilityGlobals) = postSolution
		SolutionGuid = {73E9EDDF-542E-4177-9A72-773CC45CC1EC}
	EndGlobalSection
EndGlobal
